
Microsoft Visual Studio Solution File, Format Version 12.00
# Visual Studio Version 16
VisualStudioVersion = 16.0.28803.202
MinimumVisualStudioVersion = 10.0.40219.1
Project("{FAE04EC0-301F-11D3-BF4B-00C04F79EFBC}") = "CPU_and_RAM_chart_monitor", "GraphForms\CPU_and_RAM_chart_monitor.csproj", "{4C7CC806-D779-41B3-85EE-BCC232CEAC6C}"
EndProject
Global
	GlobalSection(SolutionConfigurationPlatforms) = preSolution
		Debug|Any CPU = Debug|Any CPU
		Release|Any CPU = Release|Any CPU
	EndGlobalSection
	GlobalSection(ProjectConfigurationPlatforms) = postSolution
		{4C7CC806-D779-41B3-85EE-BCC232CEAC6C}.Debug|Any CPU.ActiveCfg = Debug|Any CPU
		{4C7CC806-D779-41B3-85EE-BCC232CEAC6C}.Debug|Any CPU.Build.0 = Debug|Any CPU
		{4C7CC806-D779-41B3-85EE-BCC232CEAC6C}.Release|Any CPU.ActiveCfg = Release|Any CPU
		{4C7CC806-D779-41B3-85EE-BCC232CEAC6C}.Release|Any CPU.Build.0 = Release|Any CPU
	EndGlobalSection
	GlobalSection(SolutionProperties) = preSolution
		HideSolutionNode = FALSE
	EndGlobalSection
	GlobalSection(ExtensibilityGlobals) = postSolution
		SolutionGuid = {209DF9C7-0697-4E77-BA33-49B1A5AA5FE0}
	EndGlobalSection
EndGlobal
